
Microsoft Visual Studio Solution File, Format Version 12.00
# Visual Studio Version 17
VisualStudioVersion = 17.14.36518.9 d17.14
MinimumVisualStudioVersion = 10.0.40219.1
Project("{FAE04EC0-301F-11D3-BF4B-00C04F79EFBC}") = "Diplom", "Diplom\Diplom.csproj", "{ECFF9354-DFFF-4974-886B-7858CB067EB7}"
EndProject
Global
	GlobalSection(SolutionConfigurationPlatforms) = preSolution
		Debug|Any CPU = Debug|Any CPU
		Release|Any CPU = Release|Any CPU
	EndGlobalSection
	GlobalSection(ProjectConfigurationPlatforms) = postSolution
		{ECFF9354-DFFF-4974-886B-7858CB067EB7}.Debug|Any CPU.ActiveCfg = Debug|Any CPU
		{ECFF9354-DFFF-4974-886B-7858CB067EB7}.Debug|Any CPU.Build.0 = Debug|Any CPU
		{ECFF9354-DFFF-4974-886B-7858CB067EB7}.Release|Any CPU.ActiveCfg = Release|Any CPU
		{ECFF9354-DFFF-4974-886B-7858CB067EB7}.Release|Any CPU.Build.0 = Release|Any CPU
	EndGlobalSection
	GlobalSection(SolutionProperties) = preSolution
		HideSolutionNode = FALSE
	EndGlobalSection
	GlobalSection(ExtensibilityGlobals) = postSolution
		SolutionGuid = {DDF6A05C-C973-42E4-879D-736E1C510F44}
	EndGlobalSection
EndGlobal
